
Microsoft Visual Studio Solution File, Format Version 12.00
# Visual Studio Version 16
VisualStudioVersion = 16.0.31605.320
MinimumVisualStudioVersion = 10.0.40219.1
Project("{8BC9CEB8-8B4A-11D0-8D11-00A0C91BC942}") = "通讯录管理系统", "通讯录管理系统\通讯录管理系统.vcxproj", "{B7A52C57-B258-4C81-BB8A-41F64F89E580}"
EndProject
Global
	GlobalSection(SolutionConfigurationPlatforms) = preSolution
		Debug|x64 = Debug|x64
		Debug|x86 = Debug|x86
		Release|x64 = Release|x64
		Release|x86 = Release|x86
	EndGlobalSection
	GlobalSection(ProjectConfigurationPlatforms) = postSolution
		{B7A52C57-B258-4C81-BB8A-41F64F89E580}.Debug|x64.ActiveCfg = Debug|x64
		{B7A52C57-B258-4C81-BB8A-41F64F89E580}.Debug|x64.Build.0 = Debug|x64
		{B7A52C57-B258-4C81-BB8A-41F64F89E580}.Debug|x86.ActiveCfg = Debug|Win32
		{B7A52C57-B258-4C81-BB8A-41F64F89E580}.Debug|x86.Build.0 = Debug|Win32
		{B7A52C57-B258-4C81-BB8A-41F64F89E580}.Release|x64.ActiveCfg = Release|x64
		{B7A52C57-B258-4C81-BB8A-41F64F89E580}.Release|x64.Build.0 = Release|x64
		{B7A52C57-B258-4C81-BB8A-41F64F89E580}.Release|x86.ActiveCfg = Release|Win32
		{B7A52C57-B258-4C81-BB8A-41F64F89E580}.Release|x86.Build.0 = Release|Win32
	EndGlobalSection
	GlobalSection(SolutionProperties) = preSolution
		HideSolutionNode = FALSE
	EndGlobalSection
	GlobalSection(ExtensibilityGlobals) = postSolution
		SolutionGuid = {B762DF6E-03CC-423C-8C0F-A6DE92A21278}
	EndGlobalSection
EndGlobal
